// !$*UTF8*$!
{
	archiveVersion = 1;
	classes = {
	};
	objectVersion = 52;
	objects = {

/* Begin PBXBuildFile section */
		9E0C7C1F2558E20000609141 /* KeyboardShortcuts in Frameworks */ = {isa = PBXBuildFile; productRef = 9E0C7C1E2558E20000609141 /* KeyboardShortcuts */; };
		9E0C7C222558E4D900609141 /* Preferences in Frameworks */ = {isa = PBXBuildFile; productRef = 9E0C7C212558E4D900609141 /* Preferences */; };
		9E17FE50255599DF00FFDC62 /* AppDelegate.swift in Sources */ = {isa = PBXBuildFile; fileRef = 9E17FE4F255599DF00FFDC62 /* AppDelegate.swift */; };
		9E17FE52255599DF00FFDC62 /* ContentView.swift in Sources */ = {isa = PBXBuildFile; fileRef = 9E17FE51255599DF00FFDC62 /* ContentView.swift */; };
		9E17FE55255599DF00FFDC62 /* TextLens.xcdatamodeld in Sources */ = {isa = PBXBuildFile; fileRef = 9E17FE53255599DF00FFDC62 /* TextLens.xcdatamodeld */; };
		9E17FE57255599E000FFDC62 /* Assets.xcassets in Resources */ = {isa = PBXBuildFile; fileRef = 9E17FE56255599E000FFDC62 /* Assets.xcassets */; };
		9E17FE5A255599E000FFDC62 /* Preview Assets.xcassets in Resources */ = {isa = PBXBuildFile; fileRef = 9E17FE59255599E000FFDC62 /* Preview Assets.xcassets */; };
		9E17FE5D255599E000FFDC62 /* Main.storyboard in Resources */ = {isa = PBXBuildFile; fileRef = 9E17FE5B255599E000FFDC62 /* Main.storyboard */; };
		9E17FE69255599E000FFDC62 /* TextLensTests.swift in Sources */ = {isa = PBXBuildFile; fileRef = 9E17FE68255599E000FFDC62 /* TextLensTests.swift */; };
		9E17FE74255599E000FFDC62 /* TextLensUITests.swift in Sources */ = {isa = PBXBuildFile; fileRef = 9E17FE73255599E000FFDC62 /* TextLensUITests.swift */; };
		9E331ADF25598EA300396FA0 /* LaunchAtLogin in Frameworks */ = {isa = PBXBuildFile; productRef = 9E331ADE25598EA300396FA0 /* LaunchAtLogin */; };
		9E4D99A42557C534000694EA /* Preference.swift in Sources */ = {isa = PBXBuildFile; fileRef = 9E4D99A32557C534000694EA /* Preference.swift */; };
		9E4D99B82557F156000694EA /* Model.swift in Sources */ = {isa = PBXBuildFile; fileRef = 9E4D99B72557F156000694EA /* Model.swift */; };
/* End PBXBuildFile section */

/* Begin PBXContainerItemProxy section */
		9E17FE65255599E000FFDC62 /* PBXContainerItemProxy */ = {
			isa = PBXContainerItemProxy;
			containerPortal = 9E17FE44255599DF00FFDC62 /* Project object */;
			proxyType = 1;
			remoteGlobalIDString = 9E17FE4B255599DF00FFDC62;
			remoteInfo = TextLens;
		};
		9E17FE70255599E000FFDC62 /* PBXContainerItemProxy */ = {
			isa = PBXContainerItemProxy;
			containerPortal = 9E17FE44255599DF00FFDC62 /* Project object */;
			proxyType = 1;
			remoteGlobalIDString = 9E17FE4B255599DF00FFDC62;
			remoteInfo = TextLens;
		};
/* End PBXContainerItemProxy section */

/* Begin PBXFileReference section */
		9E17FE4C255599DF00FFDC62 /* TextLens.app */ = {isa = PBXFileReference; explicitFileType = wrapper.application; includeInIndex = 0; path = TextLens.app; sourceTree = BUILT_PRODUCTS_DIR; };
		9E17FE4F255599DF00FFDC62 /* AppDelegate.swift */ = {isa = PBXFileReference; lastKnownFileType = sourcecode.swift; path = AppDelegate.swift; sourceTree = "<group>"; };
		9E17FE51255599DF00FFDC62 /* ContentView.swift */ = {isa = PBXFileReference; lastKnownFileType = sourcecode.swift; path = ContentView.swift; sourceTree = "<group>"; };
		9E17FE54255599DF00FFDC62 /* TextLens.xcdatamodel */ = {isa = PBXFileReference; lastKnownFileType = wrapper.xcdatamodel; path = TextLens.xcdatamodel; sourceTree = "<group>"; };
		9E17FE56255599E000FFDC62 /* Assets.xcassets */ = {isa = PBXFileReference; lastKnownFileType = folder.assetcatalog; path = Assets.xcassets; sourceTree = "<group>"; };
		9E17FE59255599E000FFDC62 /* Preview Assets.xcassets */ = {isa = PBXFileReference; lastKnownFileType = folder.assetcatalog; path = "Preview Assets.xcassets"; sourceTree = "<group>"; };
		9E17FE5C255599E000FFDC62 /* Base */ = {isa = PBXFileReference; lastKnownFileType = file.storyboard; name = Base; path = Base.lproj/Main.storyboard; sourceTree = "<group>"; };
		9E17FE5E255599E000FFDC62 /* Info.plist */ = {isa = PBXFileReference; lastKnownFileType = text.plist.xml; path = Info.plist; sourceTree = "<group>"; };
		9E17FE5F255599E000FFDC62 /* TextLens.entitlements */ = {isa = PBXFileReference; lastKnownFileType = text.plist.entitlements; path = TextLens.entitlements; sourceTree = "<group>"; };
		9E17FE64255599E000FFDC62 /* TextLensTests.xctest */ = {isa = PBXFileReference; explicitFileType = wrapper.cfbundle; includeInIndex = 0; path = TextLensTests.xctest; sourceTree = BUILT_PRODUCTS_DIR; };
		9E17FE68255599E000FFDC62 /* TextLensTests.swift */ = {isa = PBXFileReference; lastKnownFileType = sourcecode.swift; path = TextLensTests.swift; sourceTree = "<group>"; };
		9E17FE6A255599E000FFDC62 /* Info.plist */ = {isa = PBXFileReference; lastKnownFileType = text.plist.xml; path = Info.plist; sourceTree = "<group>"; };
		9E17FE6F255599E000FFDC62 /* TextLensUITests.xctest */ = {isa = PBXFileReference; explicitFileType = wrapper.cfbundle; includeInIndex = 0; path = TextLensUITests.xctest; sourceTree = BUILT_PRODUCTS_DIR; };
		9E17FE73255599E000FFDC62 /* TextLensUITests.swift */ = {isa = PBXFileReference; lastKnownFileType = sourcecode.swift; path = TextLensUITests.swift; sourceTree = "<group>"; };
		9E17FE75255599E000FFDC62 /* Info.plist */ = {isa = PBXFileReference; lastKnownFileType = text.plist.xml; path = Info.plist; sourceTree = "<group>"; };
		9E4D99A32557C534000694EA /* Preference.swift */ = {isa = PBXFileReference; lastKnownFileType = sourcecode.swift; path = Preference.swift; sourceTree = "<group>"; };
		9E4D99B72557F156000694EA /* Model.swift */ = {isa = PBXFileReference; lastKnownFileType = sourcecode.swift; path = Model.swift; sourceTree = "<group>"; };
/* End PBXFileReference section */

/* Begin PBXFrameworksBuildPhase section */
		9E17FE49255599DF00FFDC62 /* Frameworks */ = {
			isa = PBXFrameworksBuildPhase;
			buildActionMask = 2147483647;
			files = (
				9E331ADF25598EA300396FA0 /* LaunchAtLogin in Frameworks */,
				9E0C7C1F2558E20000609141 /* KeyboardShortcuts in Frameworks */,
				9E0C7C222558E4D900609141 /* Preferences in Frameworks */,
			);
			runOnlyForDeploymentPostprocessing = 0;
		};
		9E17FE61255599E000FFDC62 /* Frameworks */ = {
			isa = PBXFrameworksBuildPhase;
			buildActionMask = 2147483647;
			files = (
			);
			runOnlyForDeploymentPostprocessing = 0;
		};
		9E17FE6C255599E000FFDC62 /* Frameworks */ = {
			isa = PBXFrameworksBuildPhase;
			buildActionMask = 2147483647;
			files = (
			);
			runOnlyForDeploymentPostprocessing = 0;
		};
/* End PBXFrameworksBuildPhase section */

/* Begin PBXGroup section */
		9E17FE43255599DF00FFDC62 = {
			isa = PBXGroup;
			children = (
				9E17FE4E255599DF00FFDC62 /* TextLens */,
				9E17FE67255599E000FFDC62 /* TextLensTests */,
				9E17FE72255599E000FFDC62 /* TextLensUITests */,
				9E17FE4D255599DF00FFDC62 /* Products */,
			);
			sourceTree = "<group>";
		};
		9E17FE4D255599DF00FFDC62 /* Products */ = {
			isa = PBXGroup;
			children = (
				9E17FE4C255599DF00FFDC62 /* TextLens.app */,
				9E17FE64255599E000FFDC62 /* TextLensTests.xctest */,
				9E17FE6F255599E000FFDC62 /* TextLensUITests.xctest */,
			);
			name = Products;
			sourceTree = "<group>";
		};
		9E17FE4E255599DF00FFDC62 /* TextLens */ = {
			isa = PBXGroup;
			children = (
				9E17FE4F255599DF00FFDC62 /* AppDelegate.swift */,
				9E17FE51255599DF00FFDC62 /* ContentView.swift */,
				9E4D99A32557C534000694EA /* Preference.swift */,
				9E4D99B72557F156000694EA /* Model.swift */,
				9E17FE56255599E000FFDC62 /* Assets.xcassets */,
				9E17FE5B255599E000FFDC62 /* Main.storyboard */,
				9E17FE5E255599E000FFDC62 /* Info.plist */,
				9E17FE5F255599E000FFDC62 /* TextLens.entitlements */,
				9E17FE53255599DF00FFDC62 /* TextLens.xcdatamodeld */,
				9E17FE58255599E000FFDC62 /* Preview Content */,
			);
			path = TextLens;
			sourceTree = "<group>";
		};
		9E17FE58255599E000FFDC62 /* Preview Content */ = {
			isa = PBXGroup;
			children = (
				9E17FE59255599E000FFDC62 /* Preview Assets.xcassets */,
			);
			path = "Preview Content";
			sourceTree = "<group>";
		};
		9E17FE67255599E000FFDC62 /* TextLensTests */ = {
			isa = PBXGroup;
			children = (
				9E17FE68255599E000FFDC62 /* TextLensTests.swift */,
				9E17FE6A255599E000FFDC62 /* Info.plist */,
			);
			path = TextLensTests;
			sourceTree = "<group>";
		};
		9E17FE72255599E000FFDC62 /* TextLensUITests */ = {
			isa = PBXGroup;
			children = (
				9E17FE73255599E000FFDC62 /* TextLensUITests.swift */,
				9E17FE75255599E000FFDC62 /* Info.plist */,
			);
			path = TextLensUITests;
			sourceTree = "<group>";
		};
/* End PBXGroup section */

/* Begin PBXNativeTarget section */
		9E17FE4B255599DF00FFDC62 /* TextLens */ = {
			isa = PBXNativeTarget;
			buildConfigurationList = 9E17FE78255599E000FFDC62 /* Build configuration list for PBXNativeTarget "TextLens" */;
			buildPhases = (
				9E17FE48255599DF00FFDC62 /* Sources */,
				9E17FE49255599DF00FFDC62 /* Frameworks */,
				9E17FE4A255599DF00FFDC62 /* Resources */,
				9E331AE3255991F400396FA0 /* ShellScript */,
			);
			buildRules = (
			);
			dependencies = (
			);
			name = TextLens;
			packageProductDependencies = (
				9E0C7C1E2558E20000609141 /* KeyboardShortcuts */,
				9E0C7C212558E4D900609141 /* Preferences */,
				9E331ADE25598EA300396FA0 /* LaunchAtLogin */,
			);
			productName = TextLens;
			productReference = 9E17FE4C255599DF00FFDC62 /* TextLens.app */;
			productType = "com.apple.product-type.application";
		};
		9E17FE63255599E000FFDC62 /* TextLensTests */ = {
			isa = PBXNativeTarget;
			buildConfigurationList = 9E17FE7B255599E000FFDC62 /* Build configuration list for PBXNativeTarget "TextLensTests" */;
			buildPhases = (
				9E17FE60255599E000FFDC62 /* Sources */,
				9E17FE61255599E000FFDC62 /* Frameworks */,
				9E17FE62255599E000FFDC62 /* Resources */,
			);
			buildRules = (
			);
			dependencies = (
				9E17FE66255599E000FFDC62 /* PBXTargetDependency */,
			);
			name = TextLensTests;
			productName = TextLensTests;
			productReference = 9E17FE64255599E000FFDC62 /* TextLensTests.xctest */;
			productType = "com.apple.product-type.bundle.unit-test";
		};
		9E17FE6E255599E000FFDC62 /* TextLensUITests */ = {
			isa = PBXNativeTarget;
			buildConfigurationList = 9E17FE7E255599E000FFDC62 /* Build configuration list for PBXNativeTarget "TextLensUITests" */;
			buildPhases = (
				9E17FE6B255599E000FFDC62 /* Sources */,
				9E17FE6C255599E000FFDC62 /* Frameworks */,
				9E17FE6D255599E000FFDC62 /* Resources */,
			);
			buildRules = (
			);
			dependencies = (
				9E17FE71255599E000FFDC62 /* PBXTargetDependency */,
			);
			name = TextLensUITests;
			productName = TextLensUITests;
			productReference = 9E17FE6F255599E000FFDC62 /* TextLensUITests.xctest */;
			productType = "com.apple.product-type.bundle.ui-testing";
		};
/* End PBXNativeTarget section */

/* Begin PBXProject section */
		9E17FE44255599DF00FFDC62 /* Project object */ = {
			isa = PBXProject;
			attributes = {
				LastSwiftUpdateCheck = 1210;
				LastUpgradeCheck = 1210;
				TargetAttributes = {
					9E17FE4B255599DF00FFDC62 = {
						CreatedOnToolsVersion = 12.1;
					};
					9E17FE63255599E000FFDC62 = {
						CreatedOnToolsVersion = 12.1;
						TestTargetID = 9E17FE4B255599DF00FFDC62;
					};
					9E17FE6E255599E000FFDC62 = {
						CreatedOnToolsVersion = 12.1;
						TestTargetID = 9E17FE4B255599DF00FFDC62;
					};
				};
			};
			buildConfigurationList = 9E17FE47255599DF00FFDC62 /* Build configuration list for PBXProject "TextLens" */;
			compatibilityVersion = "Xcode 9.3";
			developmentRegion = en;
			hasScannedForEncodings = 0;
			knownRegions = (
				en,
				Base,
			);
			mainGroup = 9E17FE43255599DF00FFDC62;
			packageReferences = (
				9E0C7C1D2558E20000609141 /* XCRemoteSwiftPackageReference "KeyboardShortcuts" */,
				9E0C7C202558E4D900609141 /* XCRemoteSwiftPackageReference "Preferences" */,
				9E331ADD25598EA300396FA0 /* XCRemoteSwiftPackageReference "LaunchAtLogin" */,
			);
			productRefGroup = 9E17FE4D255599DF00FFDC62 /* Products */;
			projectDirPath = "";
			projectRoot = "";
			targets = (
				9E17FE4B255599DF00FFDC62 /* TextLens */,
				9E17FE63255599E000FFDC62 /* TextLensTests */,
				9E17FE6E255599E000FFDC62 /* TextLensUITests */,
			);
		};
/* End PBXProject section */

/* Begin PBXResourcesBuildPhase section */
		9E17FE4A255599DF00FFDC62 /* Resources */ = {
			isa = PBXResourcesBuildPhase;
			buildActionMask = 2147483647;
			files = (
				9E17FE5D255599E000FFDC62 /* Main.storyboard in Resources */,
				9E17FE5A255599E000FFDC62 /* Preview Assets.xcassets in Resources */,
				9E17FE57255599E000FFDC62 /* Assets.xcassets in Resources */,
			);
			runOnlyForDeploymentPostprocessing = 0;
		};
		9E17FE62255599E000FFDC62 /* Resources */ = {
			isa = PBXResourcesBuildPhase;
			buildActionMask = 2147483647;
			files = (
			);
			runOnlyForDeploymentPostprocessing = 0;
		};
		9E17FE6D255599E000FFDC62 /* Resources */ = {
			isa = PBXResourcesBuildPhase;
			buildActionMask = 2147483647;
			files = (
			);
			runOnlyForDeploymentPostprocessing = 0;
		};
/* End PBXResourcesBuildPhase section */

/* Begin PBXShellScriptBuildPhase section */
		9E331AE3255991F400396FA0 /* ShellScript */ = {
			isa = PBXShellScriptBuildPhase;
			buildActionMask = 2147483647;
			files = (
			);
			inputFileListPaths = (
			);
			inputPaths = (
			);
			outputFileListPaths = (
			);
			outputPaths = (
			);
			runOnlyForDeploymentPostprocessing = 0;
			shellPath = /bin/sh;
			shellScript = "\"${BUILT_PRODUCTS_DIR}/LaunchAtLogin_LaunchAtLogin.bundle/Contents/Resources/copy-helper-swiftpm.sh\"\n";
		};
/* End PBXShellScriptBuildPhase section */

/* Begin PBXSourcesBuildPhase section */
		9E17FE48255599DF00FFDC62 /* Sources */ = {
			isa = PBXSourcesBuildPhase;
			buildActionMask = 2147483647;
			files = (
				9E4D99B82557F156000694EA /* Model.swift in Sources */,
				9E17FE52255599DF00FFDC62 /* ContentView.swift in Sources */,
				9E17FE55255599DF00FFDC62 /* TextLens.xcdatamodeld in Sources */,
				9E4D99A42557C534000694EA /* Preference.swift in Sources */,
				9E17FE50255599DF00FFDC62 /* AppDelegate.swift in Sources */,
			);
			runOnlyForDeploymentPostprocessing = 0;
		};
		9E17FE60255599E000FFDC62 /* Sources */ = {
			isa = PBXSourcesBuildPhase;
			buildActionMask = 2147483647;
			files = (
				9E17FE69255599E000FFDC62 /* TextLensTests.swift in Sources */,
			);
			runOnlyForDeploymentPostprocessing = 0;
		};
		9E17FE6B255599E000FFDC62 /* Sources */ = {
			isa = PBXSourcesBuildPhase;
			buildActionMask = 2147483647;
			files = (
				9E17FE74255599E000FFDC62 /* TextLensUITests.swift in Sources */,
			);
			runOnlyForDeploymentPostprocessing = 0;
		};
/* End PBXSourcesBuildPhase section */

/* Begin PBXTargetDependency section */
		9E17FE66255599E000FFDC62 /* PBXTargetDependency */ = {
			isa = PBXTargetDependency;
			target = 9E17FE4B255599DF00FFDC62 /* TextLens */;
			targetProxy = 9E17FE65255599E000FFDC62 /* PBXContainerItemProxy */;
		};
		9E17FE71255599E000FFDC62 /* PBXTargetDependency */ = {
			isa = PBXTargetDependency;
			target = 9E17FE4B255599DF00FFDC62 /* TextLens */;
			targetProxy = 9E17FE70255599E000FFDC62 /* PBXContainerItemProxy */;
		};
/* End PBXTargetDependency section */

/* Begin PBXVariantGroup section */
		9E17FE5B255599E000FFDC62 /* Main.storyboard */ = {
			isa = PBXVariantGroup;
			children = (
				9E17FE5C255599E000FFDC62 /* Base */,
			);
			name = Main.storyboard;
			sourceTree = "<group>";
		};
/* End PBXVariantGroup section */

/* Begin XCBuildConfiguration section */
		9E17FE76255599E000FFDC62 /* Debug */ = {
			isa = XCBuildConfiguration;
			buildSettings = {
				ALWAYS_SEARCH_USER_PATHS = NO;
				CLANG_ANALYZER_NONNULL = YES;
				CLANG_ANALYZER_NUMBER_OBJECT_CONVERSION = YES_AGGRESSIVE;
				CLANG_CXX_LANGUAGE_STANDARD = "gnu++14";
				CLANG_CXX_LIBRARY = "libc++";
				CLANG_ENABLE_MODULES = YES;
				CLANG_ENABLE_OBJC_ARC = YES;
				CLANG_ENABLE_OBJC_WEAK = YES;
				CLANG_WARN_BLOCK_CAPTURE_AUTORELEASING = YES;
				CLANG_WARN_BOOL_CONVERSION = YES;
				CLANG_WARN_COMMA = YES;
				CLANG_WARN_CONSTANT_CONVERSION = YES;
				CLANG_WARN_DEPRECATED_OBJC_IMPLEMENTATIONS = YES;
				CLANG_WARN_DIRECT_OBJC_ISA_USAGE = YES_ERROR;
				CLANG_WARN_DOCUMENTATION_COMMENTS = YES;
				CLANG_WARN_EMPTY_BODY = YES;
				CLANG_WARN_ENUM_CONVERSION = YES;
				CLANG_WARN_INFINITE_RECURSION = YES;
				CLANG_WARN_INT_CONVERSION = YES;
				CLANG_WARN_NON_LITERAL_NULL_CONVERSION = YES;
				CLANG_WARN_OBJC_IMPLICIT_RETAIN_SELF = YES;
				CLANG_WARN_OBJC_LITERAL_CONVERSION = YES;
				CLANG_WARN_OBJC_ROOT_CLASS = YES_ERROR;
				CLANG_WARN_QUOTED_INCLUDE_IN_FRAMEWORK_HEADER = YES;
				CLANG_WARN_RANGE_LOOP_ANALYSIS = YES;
				CLANG_WARN_STRICT_PROTOTYPES = YES;
				CLANG_WARN_SUSPICIOUS_MOVE = YES;
				CLANG_WARN_UNGUARDED_AVAILABILITY = YES_AGGRESSIVE;
				CLANG_WARN_UNREACHABLE_CODE = YES;
				CLANG_WARN__DUPLICATE_METHOD_MATCH = YES;
				COPY_PHASE_STRIP = NO;
				DEBUG_INFORMATION_FORMAT = dwarf;
				ENABLE_STRICT_OBJC_MSGSEND = YES;
				ENABLE_TESTABILITY = YES;
				GCC_C_LANGUAGE_STANDARD = gnu11;
				GCC_DYNAMIC_NO_PIC = NO;
				GCC_NO_COMMON_BLOCKS = YES;
				GCC_OPTIMIZATION_LEVEL = 0;
				GCC_PREPROCESSOR_DEFINITIONS = (
					"DEBUG=1",
					"$(inherited)",
				);
				GCC_WARN_64_TO_32_BIT_CONVERSION = YES;
				GCC_WARN_ABOUT_RETURN_TYPE = YES_ERROR;
				GCC_WARN_UNDECLARED_SELECTOR = YES;
				GCC_WARN_UNINITIALIZED_AUTOS = YES_AGGRESSIVE;
				GCC_WARN_UNUSED_FUNCTION = YES;
				GCC_WARN_UNUSED_VARIABLE = YES;
				MACOSX_DEPLOYMENT_TARGET = 10.15;
				MTL_ENABLE_DEBUG_INFO = INCLUDE_SOURCE;
				MTL_FAST_MATH = YES;
				ONLY_ACTIVE_ARCH = YES;
				SDKROOT = macosx;
				SWIFT_ACTIVE_COMPILATION_CONDITIONS = DEBUG;
				SWIFT_OPTIMIZATION_LEVEL = "-Onone";
			};
			name = Debug;
		};
		9E17FE77255599E000FFDC62 /* Release */ = {
			isa = XCBuildConfiguration;
			buildSettings = {
				ALWAYS_SEARCH_USER_PATHS = NO;
				CLANG_ANALYZER_NONNULL = YES;
				CLANG_ANALYZER_NUMBER_OBJECT_CONVERSION = YES_AGGRESSIVE;
				CLANG_CXX_LANGUAGE_STANDARD = "gnu++14";
				CLANG_CXX_LIBRARY = "libc++";
				CLANG_ENABLE_MODULES = YES;
				CLANG_ENABLE_OBJC_ARC = YES;
				CLANG_ENABLE_OBJC_WEAK = YES;
				CLANG_WARN_BLOCK_CAPTURE_AUTORELEASING = YES;
				CLANG_WARN_BOOL_CONVERSION = YES;
				CLANG_WARN_COMMA = YES;
				CLANG_WARN_CONSTANT_CONVERSION = YES;
				CLANG_WARN_DEPRECATED_OBJC_IMPLEMENTATIONS = YES;
				CLANG_WARN_DIRECT_OBJC_ISA_USAGE = YES_ERROR;
				CLANG_WARN_DOCUMENTATION_COMMENTS = YES;
				CLANG_WARN_EMPTY_BODY = YES;
				CLANG_WARN_ENUM_CONVERSION = YES;
				CLANG_WARN_INFINITE_RECURSION = YES;
				CLANG_WARN_INT_CONVERSION = YES;
				CLANG_WARN_NON_LITERAL_NULL_CONVERSION = YES;
				CLANG_WARN_OBJC_IMPLICIT_RETAIN_SELF = YES;
				CLANG_WARN_OBJC_LITERAL_CONVERSION = YES;
				CLANG_WARN_OBJC_ROOT_CLASS = YES_ERROR;
				CLANG_WARN_QUOTED_INCLUDE_IN_FRAMEWORK_HEADER = YES;
				CLANG_WARN_RANGE_LOOP_ANALYSIS = YES;
				CLANG_WARN_STRICT_PROTOTYPES = YES;
				CLANG_WARN_SUSPICIOUS_MOVE = YES;
				CLANG_WARN_UNGUARDED_AVAILABILITY = YES_AGGRESSIVE;
				CLANG_WARN_UNREACHABLE_CODE = YES;
				CLANG_WARN__DUPLICATE_METHOD_MATCH = YES;
				COPY_PHASE_STRIP = NO;
				DEBUG_INFORMATION_FORMAT = "dwarf-with-dsym";
				ENABLE_NS_ASSERTIONS = NO;
				ENABLE_STRICT_OBJC_MSGSEND = YES;
				GCC_C_LANGUAGE_STANDARD = gnu11;
				GCC_NO_COMMON_BLOCKS = YES;
				GCC_WARN_64_TO_32_BIT_CONVERSION = YES;
				GCC_WARN_ABOUT_RETURN_TYPE = YES_ERROR;
				GCC_WARN_UNDECLARED_SELECTOR = YES;
				GCC_WARN_UNINITIALIZED_AUTOS = YES_AGGRESSIVE;
				GCC_WARN_UNUSED_FUNCTION = YES;
				GCC_WARN_UNUSED_VARIABLE = YES;
				MACOSX_DEPLOYMENT_TARGET = 10.15;
				MTL_ENABLE_DEBUG_INFO = NO;
				MTL_FAST_MATH = YES;
				SDKROOT = macosx;
				SWIFT_COMPILATION_MODE = wholemodule;
				SWIFT_OPTIMIZATION_LEVEL = "-O";
			};
			name = Release;
		};
		9E17FE79255599E000FFDC62 /* Debug */ = {
			isa = XCBuildConfiguration;
			buildSettings = {
				ASSETCATALOG_COMPILER_APPICON_NAME = AppIcon;
				ASSETCATALOG_COMPILER_GLOBAL_ACCENT_COLOR_NAME = AccentColor;
				CODE_SIGN_ENTITLEMENTS = TextLens/TextLens.entitlements;
				CODE_SIGN_STYLE = Automatic;
				COMBINE_HIDPI_IMAGES = YES;
				CURRENT_PROJECT_VERSION = 2;
				DEVELOPMENT_ASSET_PATHS = "\"TextLens/Preview Content\"";
				DEVELOPMENT_TEAM = 6R26QM98UF;
				ENABLE_HARDENED_RUNTIME = YES;
				ENABLE_PREVIEWS = YES;
				INFOPLIST_FILE = TextLens/Info.plist;
				LD_RUNPATH_SEARCH_PATHS = (
					"$(inherited)",
					"@executable_path/../Frameworks",
				);
				MACOSX_DEPLOYMENT_TARGET = 11.0;
				PRODUCT_BUNDLE_IDENTIFIER = club.mediosz.textlens;
				PRODUCT_NAME = "$(TARGET_NAME)";
				SWIFT_VERSION = 5.0;
			};
			name = Debug;
		};
		9E17FE7A255599E000FFDC62 /* Release */ = {
			isa = XCBuildConfiguration;
			buildSettings = {
				ASSETCATALOG_COMPILER_APPICON_NAME = AppIcon;
				ASSETCATALOG_COMPILER_GLOBAL_ACCENT_COLOR_NAME = AccentColor;
				CODE_SIGN_ENTITLEMENTS = TextLens/TextLens.entitlements;
				CODE_SIGN_STYLE = Automatic;
				COMBINE_HIDPI_IMAGES = YES;
				CURRENT_PROJECT_VERSION = 2;
				DEVELOPMENT_ASSET_PATHS = "\"TextLens/Preview Content\"";
				DEVELOPMENT_TEAM = 6R26QM98UF;
				ENABLE_HARDENED_RUNTIME = YES;
				ENABLE_PREVIEWS = YES;
				INFOPLIST_FILE = TextLens/Info.plist;
				LD_RUNPATH_SEARCH_PATHS = (
					"$(inherited)",
					"@executable_path/../Frameworks",
				);
				MACOSX_DEPLOYMENT_TARGET = 11.0;
				PRODUCT_BUNDLE_IDENTIFIER = club.mediosz.textlens;
				PRODUCT_NAME = "$(TARGET_NAME)";
				SWIFT_VERSION = 5.0;
			};
			name = Release;
		};
		9E17FE7C255599E000FFDC62 /* Debug */ = {
			isa = XCBuildConfiguration;
			buildSettings = {
				ALWAYS_EMBED_SWIFT_STANDARD_LIBRARIES = YES;
				BUNDLE_LOADER = "$(TEST_HOST)";
				CODE_SIGN_STYLE = Automatic;
				COMBINE_HIDPI_IMAGES = YES;
				DEVELOPMENT_TEAM = 6R26QM98UF;
				INFOPLIST_FILE = TextLensTests/Info.plist;
				LD_RUNPATH_SEARCH_PATHS = (
					"$(inherited)",
					"@executable_path/../Frameworks",
					"@loader_path/../Frameworks",
				);
				MACOSX_DEPLOYMENT_TARGET = 10.15;
				PRODUCT_BUNDLE_IDENTIFIER = club.mediosz.TextLensTests;
				PRODUCT_NAME = "$(TARGET_NAME)";
				SWIFT_VERSION = 5.0;
				TEST_HOST = "$(BUILT_PRODUCTS_DIR)/TextLens.app/Contents/MacOS/TextLens";
			};
			name = Debug;
		};
		9E17FE7D255599E000FFDC62 /* Release */ = {
			isa = XCBuildConfiguration;
			buildSettings = {
				ALWAYS_EMBED_SWIFT_STANDARD_LIBRARIES = YES;
				BUNDLE_LOADER = "$(TEST_HOST)";
				CODE_SIGN_STYLE = Automatic;
				COMBINE_HIDPI_IMAGES = YES;
				DEVELOPMENT_TEAM = 6R26QM98UF;
				INFOPLIST_FILE = TextLensTests/Info.plist;
				LD_RUNPATH_SEARCH_PATHS = (
					"$(inherited)",
					"@executable_path/../Frameworks",
					"@loader_path/../Frameworks",
				);
				MACOSX_DEPLOYMENT_TARGET = 10.15;
				PRODUCT_BUNDLE_IDENTIFIER = club.mediosz.TextLensTests;
				PRODUCT_NAME = "$(TARGET_NAME)";
				SWIFT_VERSION = 5.0;
				TEST_HOST = "$(BUILT_PRODUCTS_DIR)/TextLens.app/Contents/MacOS/TextLens";
			};
			name = Release;
		};
		9E17FE7F255599E000FFDC62 /* Debug */ = {
			isa = XCBuildConfiguration;
			buildSettings = {
				ALWAYS_EMBED_SWIFT_STANDARD_LIBRARIES = YES;
				CODE_SIGN_STYLE = Automatic;
				COMBINE_HIDPI_IMAGES = YES;
				DEVELOPMENT_TEAM = 6R26QM98UF;
				INFOPLIST_FILE = TextLensUITests/Info.plist;
				LD_RUNPATH_SEARCH_PATHS = (
					"$(inherited)",
					"@executable_path/../Frameworks",
					"@loader_path/../Frameworks",
				);
				PRODUCT_BUNDLE_IDENTIFIER = club.mediosz.TextLensUITests;
				PRODUCT_NAME = "$(TARGET_NAME)";
				SWIFT_VERSION = 5.0;
				TEST_TARGET_NAME = TextLens;
			};
			name = Debug;
		};
		9E17FE80255599E000FFDC62 /* Release */ = {
			isa = XCBuildConfiguration;
			buildSettings = {
				ALWAYS_EMBED_SWIFT_STANDARD_LIBRARIES = YES;
				CODE_SIGN_STYLE = Automatic;
				COMBINE_HIDPI_IMAGES = YES;
				DEVELOPMENT_TEAM = 6R26QM98UF;
				INFOPLIST_FILE = TextLensUITests/Info.plist;
				LD_RUNPATH_SEARCH_PATHS = (
					"$(inherited)",
					"@executable_path/../Frameworks",
					"@loader_path/../Frameworks",
				);
				PRODUCT_BUNDLE_IDENTIFIER = club.mediosz.TextLensUITests;
				PRODUCT_NAME = "$(TARGET_NAME)";
				SWIFT_VERSION = 5.0;
				TEST_TARGET_NAME = TextLens;
			};
			name = Release;
		};
/* End XCBuildConfiguration section */

/* Begin XCConfigurationList section */
		9E17FE47255599DF00FFDC62 /* Build configuration list for PBXProject "TextLens" */ = {
			isa = XCConfigurationList;
			buildConfigurations = (
				9E17FE76255599E000FFDC62 /* Debug */,
				9E17FE77255599E000FFDC62 /* Release */,
			);
			defaultConfigurationIsVisible = 0;
			defaultConfigurationName = Release;
		};
		9E17FE78255599E000FFDC62 /* Build configuration list for PBXNativeTarget "TextLens" */ = {
			isa = XCConfigurationList;
			buildConfigurations = (
				9E17FE79255599E000FFDC62 /* Debug */,
				9E17FE7A255599E000FFDC62 /* Release */,
			);
			defaultConfigurationIsVisible = 0;
			defaultConfigurationName = Release;
		};
		9E17FE7B255599E000FFDC62 /* Build configuration list for PBXNativeTarget "TextLensTests" */ = {
			isa = XCConfigurationList;
			buildConfigurations = (
				9E17FE7C255599E000FFDC62 /* Debug */,
				9E17FE7D255599E000FFDC62 /* Release */,
			);
			defaultConfigurationIsVisible = 0;
			defaultConfigurationName = Release;
		};
		9E17FE7E255599E000FFDC62 /* Build configuration list for PBXNativeTarget "TextLensUITests" */ = {
			isa = XCConfigurationList;
			buildConfigurations = (
				9E17FE7F255599E000FFDC62 /* Debug */,
				9E17FE80255599E000FFDC62 /* Release */,
			);
			defaultConfigurationIsVisible = 0;
			defaultConfigurationName = Release;
		};
/* End XCConfigurationList section */

/* Begin XCRemoteSwiftPackageReference section */
		9E0C7C1D2558E20000609141 /* XCRemoteSwiftPackageReference "KeyboardShortcuts" */ = {
			isa = XCRemoteSwiftPackageReference;
			repositoryURL = "https://github.com/sindresorhus/KeyboardShortcuts";
			requirement = {
				kind = upToNextMajorVersion;
				minimumVersion = 0.6.0;
			};
		};
		9E0C7C202558E4D900609141 /* XCRemoteSwiftPackageReference "Preferences" */ = {
			isa = XCRemoteSwiftPackageReference;
			repositoryURL = "https://github.com/sindresorhus/Preferences";
			requirement = {
				kind = upToNextMajorVersion;
				minimumVersion = 2.0.1;
			};
		};
		9E331ADD25598EA300396FA0 /* XCRemoteSwiftPackageReference "LaunchAtLogin" */ = {
			isa = XCRemoteSwiftPackageReference;
			repositoryURL = "https://github.com/sindresorhus/LaunchAtLogin";
			requirement = {
				kind = upToNextMajorVersion;
				minimumVersion = 4.0.0;
			};
		};
/* End XCRemoteSwiftPackageReference section */

/* Begin XCSwiftPackageProductDependency section */
		9E0C7C1E2558E20000609141 /* KeyboardShortcuts */ = {
			isa = XCSwiftPackageProductDependency;
			package = 9E0C7C1D2558E20000609141 /* XCRemoteSwiftPackageReference "KeyboardShortcuts" */;
			productName = KeyboardShortcuts;
		};
		9E0C7C212558E4D900609141 /* Preferences */ = {
			isa = XCSwiftPackageProductDependency;
			package = 9E0C7C202558E4D900609141 /* XCRemoteSwiftPackageReference "Preferences" */;
			productName = Preferences;
		};
		9E331ADE25598EA300396FA0 /* LaunchAtLogin */ = {
			isa = XCSwiftPackageProductDependency;
			package = 9E331ADD25598EA300396FA0 /* XCRemoteSwiftPackageReference "LaunchAtLogin" */;
			productName = LaunchAtLogin;
		};
/* End XCSwiftPackageProductDependency section */

/* Begin XCVersionGroup section */
		9E17FE53255599DF00FFDC62 /* TextLens.xcdatamodeld */ = {
			isa = XCVersionGroup;
			children = (
				9E17FE54255599DF00FFDC62 /* TextLens.xcdatamodel */,
			);
			currentVersion = 9E17FE54255599DF00FFDC62 /* TextLens.xcdatamodel */;
			path = TextLens.xcdatamodeld;
			sourceTree = "<group>";
			versionGroupType = wrapper.xcdatamodel;
		};
/* End XCVersionGroup section */
	};
	rootObject = 9E17FE44255599DF00FFDC62 /* Project object */;
}
